
Microsoft Visual Studio Solution File, Format Version 12.00
# Visual Studio 15
VisualStudioVersion = 15.0.27130.2027
MinimumVisualStudioVersion = 10.0.40219.1
Project("{FAE04EC0-301F-11D3-BF4B-00C04F79EFBC}") = "CinemaWebApplication", "CinemaWebApplication\CinemaWebApplication.csproj", "{D369D410-B057-4C5C-B899-21478FFE365E}"
EndProject
Global
	GlobalSection(SolutionConfigurationPlatforms) = preSolution
		Debug|Any CPU = Debug|Any CPU
		Release|Any CPU = Release|Any CPU
	EndGlobalSection
	GlobalSection(ProjectConfigurationPlatforms) = postSolution
		{D369D410-B057-4C5C-B899-21478FFE365E}.Debug|Any CPU.ActiveCfg = Debug|Any CPU
		{D369D410-B057-4C5C-B899-21478FFE365E}.Debug|Any CPU.Build.0 = Debug|Any CPU
		{D369D410-B057-4C5C-B899-21478FFE365E}.Release|Any CPU.ActiveCfg = Release|Any CPU
		{D369D410-B057-4C5C-B899-21478FFE365E}.Release|Any CPU.Build.0 = Release|Any CPU
	EndGlobalSection
	GlobalSection(SolutionProperties) = preSolution
		HideSolutionNode = FALSE
	EndGlobalSection
	GlobalSection(ExtensibilityGlobals) = postSolution
		SolutionGuid = {8CA05BE3-9627-4172-B833-50C388F26693}
	EndGlobalSection
EndGlobal
